
Microsoft Visual Studio Solution File, Format Version 12.00
# Visual Studio Version 17
VisualStudioVersion = 17.7.34024.191
MinimumVisualStudioVersion = 10.0.40219.1
Project("{9A19103F-16F7-4668-BE54-9A1E7A4F7556}") = "OrchardCoreBackEnd", "OrchardCoreBackEnd\OrchardCoreBackEnd.csproj", "{124063DC-1A5D-43C7-A0F6-BBE39989FE56}"
EndProject
Project("{9A19103F-16F7-4668-BE54-9A1E7A4F7556}") = "TestModule", "TestModule\TestModule.csproj", "{96A0D416-D918-49DE-9196-1BD2C73076B2}"
EndProject
Project("{9A19103F-16F7-4668-BE54-9A1E7A4F7556}") = "CustomFormModule", "CustomFormModule\CustomFormModule.csproj", "{9947FE09-7E23-4DCB-9351-DFDE93004F62}"
EndProject
Project("{FAE04EC0-301F-11D3-BF4B-00C04F79EFBC}") = "OrchardCoreController", "OrchardCoreController\OrchardCoreController.csproj", "{C0BC5E2D-6280-4952-A994-F6D7AA4DDECE}"
EndProject
Global
	GlobalSection(SolutionConfigurationPlatforms) = preSolution
		Debug|Any CPU = Debug|Any CPU
		Release|Any CPU = Release|Any CPU
	EndGlobalSection
	GlobalSection(ProjectConfigurationPlatforms) = postSolution
		{124063DC-1A5D-43C7-A0F6-BBE39989FE56}.Debug|Any CPU.ActiveCfg = Debug|Any CPU
		{124063DC-1A5D-43C7-A0F6-BBE39989FE56}.Debug|Any CPU.Build.0 = Debug|Any CPU
		{124063DC-1A5D-43C7-A0F6-BBE39989FE56}.Release|Any CPU.ActiveCfg = Release|Any CPU
		{124063DC-1A5D-43C7-A0F6-BBE39989FE56}.Release|Any CPU.Build.0 = Release|Any CPU
		{96A0D416-D918-49DE-9196-1BD2C73076B2}.Debug|Any CPU.ActiveCfg = Debug|Any CPU
		{96A0D416-D918-49DE-9196-1BD2C73076B2}.Debug|Any CPU.Build.0 = Debug|Any CPU
		{96A0D416-D918-49DE-9196-1BD2C73076B2}.Release|Any CPU.ActiveCfg = Release|Any CPU
		{96A0D416-D918-49DE-9196-1BD2C73076B2}.Release|Any CPU.Build.0 = Release|Any CPU
		{9947FE09-7E23-4DCB-9351-DFDE93004F62}.Debug|Any CPU.ActiveCfg = Debug|Any CPU
		{9947FE09-7E23-4DCB-9351-DFDE93004F62}.Debug|Any CPU.Build.0 = Debug|Any CPU
		{9947FE09-7E23-4DCB-9351-DFDE93004F62}.Release|Any CPU.ActiveCfg = Release|Any CPU
		{9947FE09-7E23-4DCB-9351-DFDE93004F62}.Release|Any CPU.Build.0 = Release|Any CPU
		{C0BC5E2D-6280-4952-A994-F6D7AA4DDECE}.Debug|Any CPU.ActiveCfg = Debug|Any CPU
		{C0BC5E2D-6280-4952-A994-F6D7AA4DDECE}.Debug|Any CPU.Build.0 = Debug|Any CPU
		{C0BC5E2D-6280-4952-A994-F6D7AA4DDECE}.Release|Any CPU.ActiveCfg = Release|Any CPU
		{C0BC5E2D-6280-4952-A994-F6D7AA4DDECE}.Release|Any CPU.Build.0 = Release|Any CPU
	EndGlobalSection
	GlobalSection(SolutionProperties) = preSolution
		HideSolutionNode = FALSE
	EndGlobalSection
	GlobalSection(ExtensibilityGlobals) = postSolution
		SolutionGuid = {EA14D97E-13C9-4FDD-AAF1-FC704F4C95F9}
	EndGlobalSection
EndGlobal
